{
  "version": 4,
  "terraform_version": "1.9.8",
  "serial": 69,
  "lineage": "03a8221b-02a2-338a-6fd1-5dcde0e65366",
  "outputs": {
    "postgres_host": {
      "value": "172.17.0.1",
      "type": "string"
    },
    "postgres_port": {
      "value": 5432,
      "type": "number"
    },
    "postgres_user": {
      "value": "postgres",
      "type": "string",
      "sensitive": true
    }
  },
  "resources": [
    {
      "mode": "data",
      "type": "vault_generic_secret",
      "name": "postgres_db",
      "provider": "provider[\"registry.terraform.io/hashicorp/vault\"]",
      "instances": [
        {
          "schema_version": 0,
          "attributes": {
            "data": {
              "database_name": "postgres",
              "password": "pass",
              "user": "postgres"
            },
            "data_json": "{\"database_name\":\"postgres\",\"password\":\"pass\",\"user\":\"postgres\"}",
            "id": "secret/postgres_db",
            "lease_duration": 2764800,
            "lease_id": "",
            "lease_renewable": false,
            "lease_start_time": "2024-12-18T07:01:16Z",
            "namespace": null,
            "path": "secret/postgres_db",
            "version": -1,
            "with_lease_start_time": true
          },
          "sensitive_attributes": [
            [
              {
                "type": "get_attr",
                "value": "data_json"
              }
            ],
            [
              {
                "type": "get_attr",
                "value": "data"
              }
            ]
          ]
        }
      ]
    },
    {
      "mode": "managed",
      "type": "nomad_job",
      "name": "postgresql",
      "provider": "provider[\"registry.terraform.io/hashicorp/nomad\"]",
      "instances": [
        {
          "schema_version": 0,
          "attributes": {
            "allocation_ids": [],
            "consul_token": null,
            "datacenters": [
              "kbtu"
            ],
            "deployment_id": null,
            "deployment_status": null,
            "deregister_on_destroy": true,
            "deregister_on_id_change": true,
            "detach": true,
            "hcl2": [],
            "id": "postgres_db",
            "jobspec": "job \"postgres_db\" {\r\n  datacenters = [\"kbtu\"]\r\n  type        = \"service\"\r\n\r\n  group \"postgres\" {\r\n    count = 1\r\n    task \"postgres\" {\r\n      driver = \"docker\"\r\n\r\n      config {\r\n        image       = \"postgres\"\r\n        network_mode = \"host\"\r\n        port_map {\r\n          db = 5432\r\n        }\r\n      }\r\n\r\n      env {\r\n        POSTGRES_USER     = \"postgres\"\r\n        POSTGRES_PASSWORD = \"pass\"\r\n        POSTGRES_DB       = \"postgres\"\r\n      }\r\n\r\n      logs {\r\n        max_files     = 5\r\n        max_file_size = 15\r\n      }\r\n\r\n      resources {\r\n        cpu = 1000\r\n        memory = 1024\r\n        network {\r\n          mbits = 10\r\n          port  \"db\"  {\r\n            static = 5432\r\n          }\r\n        }\r\n      }\r\n    }\r\n    restart {\r\n      attempts = 10\r\n      interval = \"5m\"\r\n      delay = \"25s\"\r\n      mode = \"delay\"\r\n    }    \r\n  }\r\n}\r\n\r\n",
            "json": null,
            "modify_index": "4069",
            "name": "postgres_db",
            "namespace": "default",
            "policy_override": null,
            "purge_on_destroy": null,
            "read_allocation_ids": false,
            "region": "global",
            "rerun_if_dead": false,
            "status": "pending",
            "task_groups": [
              {
                "count": 1,
                "meta": {},
                "name": "postgres",
                "task": [
                  {
                    "driver": "docker",
                    "meta": {},
                    "name": "postgres",
                    "volume_mounts": null
                  }
                ],
                "volumes": null
              }
            ],
            "timeouts": null,
            "type": "service",
            "vault_token": null
          },
          "sensitive_attributes": [
            [
              {
                "type": "get_attr",
                "value": "jobspec"
              }
            ],
            [
              {
                "type": "get_attr",
                "value": "consul_token"
              }
            ],
            [
              {
                "type": "get_attr",
                "value": "vault_token"
              }
            ]
          ],
          "private": "eyJlMmJmYjczMC1lY2FhLTExZTYtOGY4OC0zNDM2M2JjN2M0YzAiOnsiY3JlYXRlIjozMDAwMDAwMDAwMDAsInVwZGF0ZSI6MzAwMDAwMDAwMDAwfX0=",
          "dependencies": [
            "data.vault_generic_secret.postgres_db"
          ]
        }
      ]
    }
  ],
  "check_results": null
}
